
Microsoft Visual Studio Solution File, Format Version 12.00
# Visual Studio Version 17
VisualStudioVersion = 17.5.002.0
MinimumVisualStudioVersion = 10.0.40219.1
Project("{9A19103F-16F7-4668-BE54-9A1E7A4F7556}") = "DesafioPOO", "dio_cs3\DesafioPOO.csproj", "{98B7518B-65E6-4D2E-A6B8-3C295B7263DA}"
EndProject
Global
	GlobalSection(SolutionConfigurationPlatforms) = preSolution
		Debug|Any CPU = Debug|Any CPU
		Release|Any CPU = Release|Any CPU
	EndGlobalSection
	GlobalSection(ProjectConfigurationPlatforms) = postSolution
		{98B7518B-65E6-4D2E-A6B8-3C295B7263DA}.Debug|Any CPU.ActiveCfg = Debug|Any CPU
		{98B7518B-65E6-4D2E-A6B8-3C295B7263DA}.Debug|Any CPU.Build.0 = Debug|Any CPU
		{98B7518B-65E6-4D2E-A6B8-3C295B7263DA}.Release|Any CPU.ActiveCfg = Release|Any CPU
		{98B7518B-65E6-4D2E-A6B8-3C295B7263DA}.Release|Any CPU.Build.0 = Release|Any CPU
	EndGlobalSection
	GlobalSection(SolutionProperties) = preSolution
		HideSolutionNode = FALSE
	EndGlobalSection
	GlobalSection(ExtensibilityGlobals) = postSolution
		SolutionGuid = {E741267F-DF05-4A08-848A-C4EA579F701D}
	EndGlobalSection
EndGlobal
